
Microsoft Visual Studio Solution File, Format Version 12.00
# Visual Studio Version 17
VisualStudioVersion = 17.14.36603.0 d17.14
MinimumVisualStudioVersion = 10.0.40219.1
Project("{FAE04EC0-301F-11D3-BF4B-00C04F79EFBC}") = "SchoolPlatform.Api", "SchoolPlatform.Api.csproj", "{636345CE-4700-415C-B0DE-29F4A4BC5652}"
EndProject
Global
	GlobalSection(SolutionConfigurationPlatforms) = preSolution
		Debug|Any CPU = Debug|Any CPU
		Release|Any CPU = Release|Any CPU
	EndGlobalSection
	GlobalSection(ProjectConfigurationPlatforms) = postSolution
		{636345CE-4700-415C-B0DE-29F4A4BC5652}.Debug|Any CPU.ActiveCfg = Debug|Any CPU
		{636345CE-4700-415C-B0DE-29F4A4BC5652}.Debug|Any CPU.Build.0 = Debug|Any CPU
		{636345CE-4700-415C-B0DE-29F4A4BC5652}.Release|Any CPU.ActiveCfg = Release|Any CPU
		{636345CE-4700-415C-B0DE-29F4A4BC5652}.Release|Any CPU.Build.0 = Release|Any CPU
	EndGlobalSection
	GlobalSection(SolutionProperties) = preSolution
		HideSolutionNode = FALSE
	EndGlobalSection
	GlobalSection(ExtensibilityGlobals) = postSolution
		SolutionGuid = {AA67A981-B3E9-4BF2-BC50-80EE95AACDB8}
	EndGlobalSection
EndGlobal
